
Microsoft Visual Studio Solution File, Format Version 12.00
# Visual Studio Version 16
VisualStudioVersion = 16.0.29411.138
MinimumVisualStudioVersion = 10.0.40219.1
Project("{9A19103F-16F7-4668-BE54-9A1E7A4F7556}") = "LicenseInspector.Core", "src\Core\Core\LicenseInspector.Core.csproj", "{D77A40A9-AAB0-4603-98FE-91127D0E93B3}"
EndProject
Project("{2150E333-8FDC-42A3-9474-1A3956D46DE8}") = "Core", "src\Core", "{C7C29135-36E2-4E68-A5CD-318F6EE6E956}"
EndProject
Project("{9A19103F-16F7-4668-BE54-9A1E7A4F7556}") = "LicenseInspector.Core.Tests", "src\Core\Core.Tests\LicenseInspector.Core.Tests.csproj", "{3CDE933B-1593-4985-9B9A-8C696A41750C}"
EndProject
EndProject
Global
	GlobalSection(SolutionConfigurationPlatforms) = preSolution
		Debug|Any CPU = Debug|Any CPU
		Release|Any CPU = Release|Any CPU
	EndGlobalSection
	GlobalSection(ProjectConfigurationPlatforms) = postSolution
		{B304E910-ACB9-4918-97E3-9380EF8BAA9E}.Debug|Any CPU.ActiveCfg = Debug|Any CPU
		{B304E910-ACB9-4918-97E3-9380EF8BAA9E}.Debug|Any CPU.Build.0 = Debug|Any CPU
		{B304E910-ACB9-4918-97E3-9380EF8BAA9E}.Release|Any CPU.ActiveCfg = Release|Any CPU
		{B304E910-ACB9-4918-97E3-9380EF8BAA9E}.Release|Any CPU.Build.0 = Release|Any CPU
		{DC7589A8-3AAA-465E-9C13-C594F334A7C8}.Debug|Any CPU.ActiveCfg = Debug|Any CPU
		{DC7589A8-3AAA-465E-9C13-C594F334A7C8}.Debug|Any CPU.Build.0 = Debug|Any CPU
		{DC7589A8-3AAA-465E-9C13-C594F334A7C8}.Release|Any CPU.ActiveCfg = Release|Any CPU
		{DC7589A8-3AAA-465E-9C13-C594F334A7C8}.Release|Any CPU.Build.0 = Release|Any CPU
		{D77A40A9-AAB0-4603-98FE-91127D0E93B3}.Debug|Any CPU.ActiveCfg = Debug|Any CPU
		{D77A40A9-AAB0-4603-98FE-91127D0E93B3}.Debug|Any CPU.Build.0 = Debug|Any CPU
		{D77A40A9-AAB0-4603-98FE-91127D0E93B3}.Release|Any CPU.ActiveCfg = Release|Any CPU
		{D77A40A9-AAB0-4603-98FE-91127D0E93B3}.Release|Any CPU.Build.0 = Release|Any CPU
		{7CDF1255-E981-410A-9DDB-1B0272F71AB5}.Debug|Any CPU.ActiveCfg = Debug|Any CPU
		{7CDF1255-E981-410A-9DDB-1B0272F71AB5}.Debug|Any CPU.Build.0 = Debug|Any CPU
		{7CDF1255-E981-410A-9DDB-1B0272F71AB5}.Release|Any CPU.ActiveCfg = Release|Any CPU
		{7CDF1255-E981-410A-9DDB-1B0272F71AB5}.Release|Any CPU.Build.0 = Release|Any CPU
		{3CDE933B-1593-4985-9B9A-8C696A41750C}.Debug|Any CPU.ActiveCfg = Debug|Any CPU
		{3CDE933B-1593-4985-9B9A-8C696A41750C}.Debug|Any CPU.Build.0 = Debug|Any CPU
		{3CDE933B-1593-4985-9B9A-8C696A41750C}.Release|Any CPU.ActiveCfg = Release|Any CPU
		{3CDE933B-1593-4985-9B9A-8C696A41750C}.Release|Any CPU.Build.0 = Release|Any CPU
		{AA0C3B29-C15C-41C0-B467-42EDD7EF63F2}.Debug|Any CPU.ActiveCfg = Debug|Any CPU
		{AA0C3B29-C15C-41C0-B467-42EDD7EF63F2}.Debug|Any CPU.Build.0 = Debug|Any CPU
		{AA0C3B29-C15C-41C0-B467-42EDD7EF63F2}.Release|Any CPU.ActiveCfg = Release|Any CPU
		{AA0C3B29-C15C-41C0-B467-42EDD7EF63F2}.Release|Any CPU.Build.0 = Release|Any CPU
		{F4E89529-750D-47A0-BFF1-70A8BB4C1DB3}.Debug|Any CPU.ActiveCfg = Debug|Any CPU
		{F4E89529-750D-47A0-BFF1-70A8BB4C1DB3}.Debug|Any CPU.Build.0 = Debug|Any CPU
		{F4E89529-750D-47A0-BFF1-70A8BB4C1DB3}.Release|Any CPU.ActiveCfg = Release|Any CPU
		{F4E89529-750D-47A0-BFF1-70A8BB4C1DB3}.Release|Any CPU.Build.0 = Release|Any CPU
	EndGlobalSection
	GlobalSection(SolutionProperties) = preSolution
		HideSolutionNode = FALSE
	EndGlobalSection
	GlobalSection(NestedProjects) = preSolution
		{DC7589A8-3AAA-465E-9C13-C594F334A7C8} = {7F93838B-3525-4386-BD18-5B1A3F890347}
		{D77A40A9-AAB0-4603-98FE-91127D0E93B3} = {C7C29135-36E2-4E68-A5CD-318F6EE6E956}
		{7CDF1255-E981-410A-9DDB-1B0272F71AB5} = {7F93838B-3525-4386-BD18-5B1A3F890347}
		{3CDE933B-1593-4985-9B9A-8C696A41750C} = {C7C29135-36E2-4E68-A5CD-318F6EE6E956}
		{AA0C3B29-C15C-41C0-B467-42EDD7EF63F2} = {3213F619-3D2B-42B9-AFF9-12F3AF74EF69}
		{F4E89529-750D-47A0-BFF1-70A8BB4C1DB3} = {3213F619-3D2B-42B9-AFF9-12F3AF74EF69}
	EndGlobalSection
	GlobalSection(ExtensibilityGlobals) = postSolution
		SolutionGuid = {7C515C99-6680-47DD-878A-E4A1DDFCCE0A}
	EndGlobalSection
EndGlobal
